
Microsoft Visual Studio Solution File, Format Version 12.00
# Visual Studio Version 17
VisualStudioVersion = 17.8.34525.116
MinimumVisualStudioVersion = 10.0.40219.1
Project("{9A19103F-16F7-4668-BE54-9A1E7A4F7556}") = "AIBookAuthorPro.App", "src\AIBookAuthorPro.App\AIBookAuthorPro.App.csproj", "{E7F58A3D-8E4B-4C3F-9A5D-1B2C3D4E5F6A}"
EndProject
Project("{9A19103F-16F7-4668-BE54-9A1E7A4F7556}") = "AIBookAuthorPro.Core", "src\AIBookAuthorPro.Core\AIBookAuthorPro.Core.csproj", "{A1B2C3D4-E5F6-7890-ABCD-EF1234567890}"
EndProject
Project("{9A19103F-16F7-4668-BE54-9A1E7A4F7556}") = "AIBookAuthorPro.Application", "src\AIBookAuthorPro.Application\AIBookAuthorPro.Application.csproj", "{B2C3D4E5-F6A7-8901-BCDE-F12345678901}"
EndProject
Project("{9A19103F-16F7-4668-BE54-9A1E7A4F7556}") = "AIBookAuthorPro.Infrastructure", "src\AIBookAuthorPro.Infrastructure\AIBookAuthorPro.Infrastructure.csproj", "{C3D4E5F6-A7B8-9012-CDEF-123456789012}"
EndProject
Project("{9A19103F-16F7-4668-BE54-9A1E7A4F7556}") = "AIBookAuthorPro.UI", "src\AIBookAuthorPro.UI\AIBookAuthorPro.UI.csproj", "{D4E5F6A7-B8C9-0123-DEF0-234567890123}"
EndProject
Project("{2150E333-8FDC-42A3-9474-1A3956D46DE8}") = "src", "src", "{F5A6B7C8-D9E0-1234-5678-9ABCDEF01234}"
EndProject
Global
	GlobalSection(SolutionConfigurationPlatforms) = preSolution
		Debug|Any CPU = Debug|Any CPU
		Release|Any CPU = Release|Any CPU
	EndGlobalSection
	GlobalSection(ProjectConfigurationPlatforms) = postSolution
		{E7F58A3D-8E4B-4C3F-9A5D-1B2C3D4E5F6A}.Debug|Any CPU.ActiveCfg = Debug|Any CPU
		{E7F58A3D-8E4B-4C3F-9A5D-1B2C3D4E5F6A}.Debug|Any CPU.Build.0 = Debug|Any CPU
		{E7F58A3D-8E4B-4C3F-9A5D-1B2C3D4E5F6A}.Release|Any CPU.ActiveCfg = Release|Any CPU
		{E7F58A3D-8E4B-4C3F-9A5D-1B2C3D4E5F6A}.Release|Any CPU.Build.0 = Release|Any CPU
		{A1B2C3D4-E5F6-7890-ABCD-EF1234567890}.Debug|Any CPU.ActiveCfg = Debug|Any CPU
		{A1B2C3D4-E5F6-7890-ABCD-EF1234567890}.Debug|Any CPU.Build.0 = Debug|Any CPU
		{A1B2C3D4-E5F6-7890-ABCD-EF1234567890}.Release|Any CPU.ActiveCfg = Release|Any CPU
		{A1B2C3D4-E5F6-7890-ABCD-EF1234567890}.Release|Any CPU.Build.0 = Release|Any CPU
		{B2C3D4E5-F6A7-8901-BCDE-F12345678901}.Debug|Any CPU.ActiveCfg = Debug|Any CPU
		{B2C3D4E5-F6A7-8901-BCDE-F12345678901}.Debug|Any CPU.Build.0 = Debug|Any CPU
		{B2C3D4E5-F6A7-8901-BCDE-F12345678901}.Release|Any CPU.ActiveCfg = Release|Any CPU
		{B2C3D4E5-F6A7-8901-BCDE-F12345678901}.Release|Any CPU.Build.0 = Release|Any CPU
		{C3D4E5F6-A7B8-9012-CDEF-123456789012}.Debug|Any CPU.ActiveCfg = Debug|Any CPU
		{C3D4E5F6-A7B8-9012-CDEF-123456789012}.Debug|Any CPU.Build.0 = Debug|Any CPU
		{C3D4E5F6-A7B8-9012-CDEF-123456789012}.Release|Any CPU.ActiveCfg = Release|Any CPU
		{C3D4E5F6-A7B8-9012-CDEF-123456789012}.Release|Any CPU.Build.0 = Release|Any CPU
		{D4E5F6A7-B8C9-0123-DEF0-234567890123}.Debug|Any CPU.ActiveCfg = Debug|Any CPU
		{D4E5F6A7-B8C9-0123-DEF0-234567890123}.Debug|Any CPU.Build.0 = Debug|Any CPU
		{D4E5F6A7-B8C9-0123-DEF0-234567890123}.Release|Any CPU.ActiveCfg = Release|Any CPU
		{D4E5F6A7-B8C9-0123-DEF0-234567890123}.Release|Any CPU.Build.0 = Release|Any CPU
	EndGlobalSection
	GlobalSection(SolutionProperties) = preSolution
		HideSolutionNode = FALSE
	EndGlobalSection
	GlobalSection(NestedProjects) = preSolution
		{E7F58A3D-8E4B-4C3F-9A5D-1B2C3D4E5F6A} = {F5A6B7C8-D9E0-1234-5678-9ABCDEF01234}
		{A1B2C3D4-E5F6-7890-ABCD-EF1234567890} = {F5A6B7C8-D9E0-1234-5678-9ABCDEF01234}
		{B2C3D4E5-F6A7-8901-BCDE-F12345678901} = {F5A6B7C8-D9E0-1234-5678-9ABCDEF01234}
		{C3D4E5F6-A7B8-9012-CDEF-123456789012} = {F5A6B7C8-D9E0-1234-5678-9ABCDEF01234}
		{D4E5F6A7-B8C9-0123-DEF0-234567890123} = {F5A6B7C8-D9E0-1234-5678-9ABCDEF01234}
	EndGlobalSection
	GlobalSection(ExtensibilityGlobals) = postSolution
		SolutionGuid = {12345678-90AB-CDEF-1234-567890ABCDEF}
	EndGlobalSection
EndGlobal
